<Solution>
  <Folder Name="/Solution Items/">
    <File Path="Example/Book704.pdf" />
    <File Path="Example/Book704.xlsx" />
  </Folder>
  <Folder Name="/src/" />
  <Folder Name="/src/Application/">
    <Project Path="src/Application/Behsazan.Application.csproj" />
  </Folder>
  <Folder Name="/src/Domain/">
    <Project Path="src/Domain/Behsazan.Domain.csproj" />
  </Folder>
  <Folder Name="/src/Infrastructure/">
    <Project Path="src/Infrastructure/Behsazan.Infrastructure.csproj" />
  </Folder>
  <Folder Name="/src/Presentation/">
    <Project Path="src/Presentation/Behsazan.Presentation.csproj" />
  </Folder>
</Solution>
